
Microsoft Visual Studio Solution File, Format Version 12.00
# Visual Studio 2013
VisualStudioVersion = 12.0.31101.0
MinimumVisualStudioVersion = 10.0.40219.1
Project("{8BC9CEB8-8B4A-11D0-8D11-00A0C91BC942}") = "sendmidicommand", "sendmidicommand\sendmidicommand.vcxproj", "{2DBB5B5A-2629-4F5E-B60B-64C846339B4F}"
EndProject
Project("{8BC9CEB8-8B4A-11D0-8D11-00A0C91BC942}") = "MIDIIO", "MIDIIOLib1.0\MIDIIO.vcxproj", "{8633E7D7-313B-4667-A728-C2B714244B76}"
EndProject
Global
	GlobalSection(SolutionConfigurationPlatforms) = preSolution
		Debug|Win32 = Debug|Win32
		Release|Win32 = Release|Win32
	EndGlobalSection
	GlobalSection(ProjectConfigurationPlatforms) = postSolution
		{2DBB5B5A-2629-4F5E-B60B-64C846339B4F}.Debug|Win32.ActiveCfg = Debug|Win32
		{2DBB5B5A-2629-4F5E-B60B-64C846339B4F}.Debug|Win32.Build.0 = Debug|Win32
		{2DBB5B5A-2629-4F5E-B60B-64C846339B4F}.Release|Win32.ActiveCfg = Release|Win32
		{2DBB5B5A-2629-4F5E-B60B-64C846339B4F}.Release|Win32.Build.0 = Release|Win32
		{8633E7D7-313B-4667-A728-C2B714244B76}.Debug|Win32.ActiveCfg = Debug|Win32
		{8633E7D7-313B-4667-A728-C2B714244B76}.Debug|Win32.Build.0 = Debug|Win32
		{8633E7D7-313B-4667-A728-C2B714244B76}.Release|Win32.ActiveCfg = Release|Win32
		{8633E7D7-313B-4667-A728-C2B714244B76}.Release|Win32.Build.0 = Release|Win32
	EndGlobalSection
	GlobalSection(SolutionProperties) = preSolution
		HideSolutionNode = FALSE
	EndGlobalSection
EndGlobal
